// !$*UTF8*$!
{
	archiveVersion = 1;
	classes = {
	};
	objectVersion = 56;
	objects = {

/* Begin PBXBuildFile section */
		641DD8C12B066BCA00A5166A /* TheFinalWoodsStoryApp.swift in Sources */ = {isa = PBXBuildFile; fileRef = 641DD8C02B066BCA00A5166A /* TheFinalWoodsStoryApp.swift */; };
		641DD8C32B066BCA00A5166A /* ContentView.swift in Sources */ = {isa = PBXBuildFile; fileRef = 641DD8C22B066BCA00A5166A /* ContentView.swift */; };
		641DD8C52B066BCB00A5166A /* Assets.xcassets in Resources */ = {isa = PBXBuildFile; fileRef = 641DD8C42B066BCB00A5166A /* Assets.xcassets */; };
		641DD8C82B066BCB00A5166A /* Preview Assets.xcassets in Resources */ = {isa = PBXBuildFile; fileRef = 641DD8C72B066BCB00A5166A /* Preview Assets.xcassets */; };
		641DD8D22B066BCB00A5166A /* TheFinalWoodsStoryTests.swift in Sources */ = {isa = PBXBuildFile; fileRef = 641DD8D12B066BCB00A5166A /* TheFinalWoodsStoryTests.swift */; };
		641DD8DC2B066BCB00A5166A /* TheFinalWoodsStoryUITests.swift in Sources */ = {isa = PBXBuildFile; fileRef = 641DD8DB2B066BCB00A5166A /* TheFinalWoodsStoryUITests.swift */; };
		641DD8DE2B066BCB00A5166A /* TheFinalWoodsStoryUITestsLaunchTests.swift in Sources */ = {isa = PBXBuildFile; fileRef = 641DD8DD2B066BCB00A5166A /* TheFinalWoodsStoryUITestsLaunchTests.swift */; };
		641DD8EC2B066C5600A5166A /* Chapter1View.swift in Sources */ = {isa = PBXBuildFile; fileRef = 641DD8EB2B066C5600A5166A /* Chapter1View.swift */; };
		641DD8EE2B066C6700A5166A /* NavView.swift in Sources */ = {isa = PBXBuildFile; fileRef = 641DD8ED2B066C6700A5166A /* NavView.swift */; };
		641DD8F02B066C8100A5166A /* Ch1Part1.swift in Sources */ = {isa = PBXBuildFile; fileRef = 641DD8EF2B066C8100A5166A /* Ch1Part1.swift */; };
		641DD8FB2B066D7F00A5166A /* Chapter2View.swift in Sources */ = {isa = PBXBuildFile; fileRef = 641DD8FA2B066D7F00A5166A /* Chapter2View.swift */; };
		641DD8FD2B066D8E00A5166A /* LongPathView.swift in Sources */ = {isa = PBXBuildFile; fileRef = 641DD8FC2B066D8E00A5166A /* LongPathView.swift */; };
		641DD8FF2B066DAC00A5166A /* ShortPathView.swift in Sources */ = {isa = PBXBuildFile; fileRef = 641DD8FE2B066DAC00A5166A /* ShortPathView.swift */; };
		641DD9012B066DB900A5166A /* SnugglyView.swift in Sources */ = {isa = PBXBuildFile; fileRef = 641DD9002B066DB900A5166A /* SnugglyView.swift */; };
		641DD9032B066DCF00A5166A /* Events&Char.swift in Sources */ = {isa = PBXBuildFile; fileRef = 641DD9022B066DCF00A5166A /* Events&Char.swift */; };
		641DD9062B066E1400A5166A /* Chapter3View.swift in Sources */ = {isa = PBXBuildFile; fileRef = 641DD9052B066E1400A5166A /* Chapter3View.swift */; };
		641DD9082B066E2E00A5166A /* Random.swift in Sources */ = {isa = PBXBuildFile; fileRef = 641DD9072B066E2E00A5166A /* Random.swift */; };
		641DD90A2B066E4500A5166A /* Magical.swift in Sources */ = {isa = PBXBuildFile; fileRef = 641DD9092B066E4500A5166A /* Magical.swift */; };
		641DD90C2B066E5700A5166A /* Mystical.swift in Sources */ = {isa = PBXBuildFile; fileRef = 641DD90B2B066E5700A5166A /* Mystical.swift */; };
		641DD90F2B066E9900A5166A /* Chapter4View.swift in Sources */ = {isa = PBXBuildFile; fileRef = 641DD90E2B066E9900A5166A /* Chapter4View.swift */; };
		641DD9112B0679FF00A5166A /* PersonStruct.swift in Sources */ = {isa = PBXBuildFile; fileRef = 641DD9102B0679FF00A5166A /* PersonStruct.swift */; };
		641DD9132B067A5800A5166A /* CoverView.swift in Sources */ = {isa = PBXBuildFile; fileRef = 641DD9122B067A5800A5166A /* CoverView.swift */; };
/* End PBXBuildFile section */

/* Begin PBXContainerItemProxy section */
		641DD8CE2B066BCB00A5166A /* PBXContainerItemProxy */ = {
			isa = PBXContainerItemProxy;
			containerPortal = 641DD8B52B066BCA00A5166A /* Project object */;
			proxyType = 1;
			remoteGlobalIDString = 641DD8BC2B066BCA00A5166A;
			remoteInfo = TheFinalWoodsStory;
		};
		641DD8D82B066BCB00A5166A /* PBXContainerItemProxy */ = {
			isa = PBXContainerItemProxy;
			containerPortal = 641DD8B52B066BCA00A5166A /* Project object */;
			proxyType = 1;
			remoteGlobalIDString = 641DD8BC2B066BCA00A5166A;
			remoteInfo = TheFinalWoodsStory;
		};
/* End PBXContainerItemProxy section */

/* Begin PBXFileReference section */
		641DD8BD2B066BCA00A5166A /* TheFinalWoodsStory.app */ = {isa = PBXFileReference; explicitFileType = wrapper.application; includeInIndex = 0; path = TheFinalWoodsStory.app; sourceTree = BUILT_PRODUCTS_DIR; };
		641DD8C02B066BCA00A5166A /* TheFinalWoodsStoryApp.swift */ = {isa = PBXFileReference; lastKnownFileType = sourcecode.swift; path = TheFinalWoodsStoryApp.swift; sourceTree = "<group>"; };
		641DD8C22B066BCA00A5166A /* ContentView.swift */ = {isa = PBXFileReference; lastKnownFileType = sourcecode.swift; path = ContentView.swift; sourceTree = "<group>"; };
		641DD8C42B066BCB00A5166A /* Assets.xcassets */ = {isa = PBXFileReference; lastKnownFileType = folder.assetcatalog; path = Assets.xcassets; sourceTree = "<group>"; };
		641DD8C72B066BCB00A5166A /* Preview Assets.xcassets */ = {isa = PBXFileReference; lastKnownFileType = folder.assetcatalog; path = "Preview Assets.xcassets"; sourceTree = "<group>"; };
		641DD8CD2B066BCB00A5166A /* TheFinalWoodsStoryTests.xctest */ = {isa = PBXFileReference; explicitFileType = wrapper.cfbundle; includeInIndex = 0; path = TheFinalWoodsStoryTests.xctest; sourceTree = BUILT_PRODUCTS_DIR; };
		641DD8D12B066BCB00A5166A /* TheFinalWoodsStoryTests.swift */ = {isa = PBXFileReference; lastKnownFileType = sourcecode.swift; path = TheFinalWoodsStoryTests.swift; sourceTree = "<group>"; };
		641DD8D72B066BCB00A5166A /* TheFinalWoodsStoryUITests.xctest */ = {isa = PBXFileReference; explicitFileType = wrapper.cfbundle; includeInIndex = 0; path = TheFinalWoodsStoryUITests.xctest; sourceTree = BUILT_PRODUCTS_DIR; };
		641DD8DB2B066BCB00A5166A /* TheFinalWoodsStoryUITests.swift */ = {isa = PBXFileReference; lastKnownFileType = sourcecode.swift; path = TheFinalWoodsStoryUITests.swift; sourceTree = "<group>"; };
		641DD8DD2B066BCB00A5166A /* TheFinalWoodsStoryUITestsLaunchTests.swift */ = {isa = PBXFileReference; lastKnownFileType = sourcecode.swift; path = TheFinalWoodsStoryUITestsLaunchTests.swift; sourceTree = "<group>"; };
		641DD8EB2B066C5600A5166A /* Chapter1View.swift */ = {isa = PBXFileReference; lastKnownFileType = sourcecode.swift; path = Chapter1View.swift; sourceTree = "<group>"; };
		641DD8ED2B066C6700A5166A /* NavView.swift */ = {isa = PBXFileReference; lastKnownFileType = sourcecode.swift; path = NavView.swift; sourceTree = "<group>"; };
		641DD8EF2B066C8100A5166A /* Ch1Part1.swift */ = {isa = PBXFileReference; lastKnownFileType = sourcecode.swift; path = Ch1Part1.swift; sourceTree = "<group>"; };
		641DD8FA2B066D7F00A5166A /* Chapter2View.swift */ = {isa = PBXFileReference; lastKnownFileType = sourcecode.swift; path = Chapter2View.swift; sourceTree = "<group>"; };
		641DD8FC2B066D8E00A5166A /* LongPathView.swift */ = {isa = PBXFileReference; lastKnownFileType = sourcecode.swift; path = LongPathView.swift; sourceTree = "<group>"; };
		641DD8FE2B066DAC00A5166A /* ShortPathView.swift */ = {isa = PBXFileReference; lastKnownFileType = sourcecode.swift; path = ShortPathView.swift; sourceTree = "<group>"; };
		641DD9002B066DB900A5166A /* SnugglyView.swift */ = {isa = PBXFileReference; lastKnownFileType = sourcecode.swift; path = SnugglyView.swift; sourceTree = "<group>"; };
		641DD9022B066DCF00A5166A /* Events&Char.swift */ = {isa = PBXFileReference; lastKnownFileType = sourcecode.swift; path = "Events&Char.swift"; sourceTree = "<group>"; };
		641DD9052B066E1400A5166A /* Chapter3View.swift */ = {isa = PBXFileReference; lastKnownFileType = sourcecode.swift; path = Chapter3View.swift; sourceTree = "<group>"; };
		641DD9072B066E2E00A5166A /* Random.swift */ = {isa = PBXFileReference; lastKnownFileType = sourcecode.swift; path = Random.swift; sourceTree = "<group>"; };
		641DD9092B066E4500A5166A /* Magical.swift */ = {isa = PBXFileReference; lastKnownFileType = sourcecode.swift; path = Magical.swift; sourceTree = "<group>"; };
		641DD90B2B066E5700A5166A /* Mystical.swift */ = {isa = PBXFileReference; lastKnownFileType = sourcecode.swift; path = Mystical.swift; sourceTree = "<group>"; };
		641DD90E2B066E9900A5166A /* Chapter4View.swift */ = {isa = PBXFileReference; lastKnownFileType = sourcecode.swift; path = Chapter4View.swift; sourceTree = "<group>"; };
		641DD9102B0679FF00A5166A /* PersonStruct.swift */ = {isa = PBXFileReference; lastKnownFileType = sourcecode.swift; path = PersonStruct.swift; sourceTree = "<group>"; };
		641DD9122B067A5800A5166A /* CoverView.swift */ = {isa = PBXFileReference; lastKnownFileType = sourcecode.swift; path = CoverView.swift; sourceTree = "<group>"; };
/* End PBXFileReference section */

/* Begin PBXFrameworksBuildPhase section */
		641DD8BA2B066BCA00A5166A /* Frameworks */ = {
			isa = PBXFrameworksBuildPhase;
			buildActionMask = 2147483647;
			files = (
			);
			runOnlyForDeploymentPostprocessing = 0;
		};
		641DD8CA2B066BCB00A5166A /* Frameworks */ = {
			isa = PBXFrameworksBuildPhase;
			buildActionMask = 2147483647;
			files = (
			);
			runOnlyForDeploymentPostprocessing = 0;
		};
		641DD8D42B066BCB00A5166A /* Frameworks */ = {
			isa = PBXFrameworksBuildPhase;
			buildActionMask = 2147483647;
			files = (
			);
			runOnlyForDeploymentPostprocessing = 0;
		};
/* End PBXFrameworksBuildPhase section */

/* Begin PBXGroup section */
		641DD8B42B066BCA00A5166A = {
			isa = PBXGroup;
			children = (
				641DD8BF2B066BCA00A5166A /* TheFinalWoodsStory */,
				641DD8D02B066BCB00A5166A /* TheFinalWoodsStoryTests */,
				641DD8DA2B066BCB00A5166A /* TheFinalWoodsStoryUITests */,
				641DD8BE2B066BCA00A5166A /* Products */,
			);
			sourceTree = "<group>";
		};
		641DD8BE2B066BCA00A5166A /* Products */ = {
			isa = PBXGroup;
			children = (
				641DD8BD2B066BCA00A5166A /* TheFinalWoodsStory.app */,
				641DD8CD2B066BCB00A5166A /* TheFinalWoodsStoryTests.xctest */,
				641DD8D72B066BCB00A5166A /* TheFinalWoodsStoryUITests.xctest */,
			);
			name = Products;
			sourceTree = "<group>";
		};
		641DD8BF2B066BCA00A5166A /* TheFinalWoodsStory */ = {
			isa = PBXGroup;
			children = (
				641DD8C02B066BCA00A5166A /* TheFinalWoodsStoryApp.swift */,
				641DD9122B067A5800A5166A /* CoverView.swift */,
				641DD8C22B066BCA00A5166A /* ContentView.swift */,
				641DD9102B0679FF00A5166A /* PersonStruct.swift */,
				641DD8EA2B066C2600A5166A /* Chapter1 */,
				641DD8F12B066C9400A5166A /* Chapter 2 */,
				641DD9042B066DED00A5166A /* Chapter 3 */,
				641DD90D2B066E8300A5166A /* Chapter 4 */,
				641DD8C42B066BCB00A5166A /* Assets.xcassets */,
				641DD8C62B066BCB00A5166A /* Preview Content */,
			);
			path = TheFinalWoodsStory;
			sourceTree = "<group>";
		};
		641DD8C62B066BCB00A5166A /* Preview Content */ = {
			isa = PBXGroup;
			children = (
				641DD8C72B066BCB00A5166A /* Preview Assets.xcassets */,
			);
			path = "Preview Content";
			sourceTree = "<group>";
		};
		641DD8D02B066BCB00A5166A /* TheFinalWoodsStoryTests */ = {
			isa = PBXGroup;
			children = (
				641DD8D12B066BCB00A5166A /* TheFinalWoodsStoryTests.swift */,
			);
			path = TheFinalWoodsStoryTests;
			sourceTree = "<group>";
		};
		641DD8DA2B066BCB00A5166A /* TheFinalWoodsStoryUITests */ = {
			isa = PBXGroup;
			children = (
				641DD8DB2B066BCB00A5166A /* TheFinalWoodsStoryUITests.swift */,
				641DD8DD2B066BCB00A5166A /* TheFinalWoodsStoryUITestsLaunchTests.swift */,
			);
			path = TheFinalWoodsStoryUITests;
			sourceTree = "<group>";
		};
		641DD8EA2B066C2600A5166A /* Chapter1 */ = {
			isa = PBXGroup;
			children = (
				641DD8EB2B066C5600A5166A /* Chapter1View.swift */,
				641DD8ED2B066C6700A5166A /* NavView.swift */,
				641DD8EF2B066C8100A5166A /* Ch1Part1.swift */,
			);
			path = Chapter1;
			sourceTree = "<group>";
		};
		641DD8F12B066C9400A5166A /* Chapter 2 */ = {
			isa = PBXGroup;
			children = (
				641DD8FA2B066D7F00A5166A /* Chapter2View.swift */,
				641DD8FC2B066D8E00A5166A /* LongPathView.swift */,
				641DD8FE2B066DAC00A5166A /* ShortPathView.swift */,
				641DD9002B066DB900A5166A /* SnugglyView.swift */,
				641DD9022B066DCF00A5166A /* Events&Char.swift */,
			);
			path = "Chapter 2";
			sourceTree = "<group>";
		};
		641DD9042B066DED00A5166A /* Chapter 3 */ = {
			isa = PBXGroup;
			children = (
				641DD9052B066E1400A5166A /* Chapter3View.swift */,
				641DD9072B066E2E00A5166A /* Random.swift */,
				641DD9092B066E4500A5166A /* Magical.swift */,
				641DD90B2B066E5700A5166A /* Mystical.swift */,
			);
			path = "Chapter 3";
			sourceTree = "<group>";
		};
		641DD90D2B066E8300A5166A /* Chapter 4 */ = {
			isa = PBXGroup;
			children = (
				641DD90E2B066E9900A5166A /* Chapter4View.swift */,
			);
			path = "Chapter 4";
			sourceTree = "<group>";
		};
/* End PBXGroup section */

/* Begin PBXNativeTarget section */
		641DD8BC2B066BCA00A5166A /* TheFinalWoodsStory */ = {
			isa = PBXNativeTarget;
			buildConfigurationList = 641DD8E12B066BCB00A5166A /* Build configuration list for PBXNativeTarget "TheFinalWoodsStory" */;
			buildPhases = (
				641DD8B92B066BCA00A5166A /* Sources */,
				641DD8BA2B066BCA00A5166A /* Frameworks */,
				641DD8BB2B066BCA00A5166A /* Resources */,
			);
			buildRules = (
			);
			dependencies = (
			);
			name = TheFinalWoodsStory;
			productName = TheFinalWoodsStory;
			productReference = 641DD8BD2B066BCA00A5166A /* TheFinalWoodsStory.app */;
			productType = "com.apple.product-type.application";
		};
		641DD8CC2B066BCB00A5166A /* TheFinalWoodsStoryTests */ = {
			isa = PBXNativeTarget;
			buildConfigurationList = 641DD8E42B066BCB00A5166A /* Build configuration list for PBXNativeTarget "TheFinalWoodsStoryTests" */;
			buildPhases = (
				641DD8C92B066BCB00A5166A /* Sources */,
				641DD8CA2B066BCB00A5166A /* Frameworks */,
				641DD8CB2B066BCB00A5166A /* Resources */,
			);
			buildRules = (
			);
			dependencies = (
				641DD8CF2B066BCB00A5166A /* PBXTargetDependency */,
			);
			name = TheFinalWoodsStoryTests;
			productName = TheFinalWoodsStoryTests;
			productReference = 641DD8CD2B066BCB00A5166A /* TheFinalWoodsStoryTests.xctest */;
			productType = "com.apple.product-type.bundle.unit-test";
		};
		641DD8D62B066BCB00A5166A /* TheFinalWoodsStoryUITests */ = {
			isa = PBXNativeTarget;
			buildConfigurationList = 641DD8E72B066BCB00A5166A /* Build configuration list for PBXNativeTarget "TheFinalWoodsStoryUITests" */;
			buildPhases = (
				641DD8D32B066BCB00A5166A /* Sources */,
				641DD8D42B066BCB00A5166A /* Frameworks */,
				641DD8D52B066BCB00A5166A /* Resources */,
			);
			buildRules = (
			);
			dependencies = (
				641DD8D92B066BCB00A5166A /* PBXTargetDependency */,
			);
			name = TheFinalWoodsStoryUITests;
			productName = TheFinalWoodsStoryUITests;
			productReference = 641DD8D72B066BCB00A5166A /* TheFinalWoodsStoryUITests.xctest */;
			productType = "com.apple.product-type.bundle.ui-testing";
		};
/* End PBXNativeTarget section */

/* Begin PBXProject section */
		641DD8B52B066BCA00A5166A /* Project object */ = {
			isa = PBXProject;
			attributes = {
				BuildIndependentTargetsInParallel = 1;
				LastSwiftUpdateCheck = 1500;
				LastUpgradeCheck = 1500;
				TargetAttributes = {
					641DD8BC2B066BCA00A5166A = {
						CreatedOnToolsVersion = 15.0.1;
					};
					641DD8CC2B066BCB00A5166A = {
						CreatedOnToolsVersion = 15.0.1;
						TestTargetID = 641DD8BC2B066BCA00A5166A;
					};
					641DD8D62B066BCB00A5166A = {
						CreatedOnToolsVersion = 15.0.1;
						TestTargetID = 641DD8BC2B066BCA00A5166A;
					};
				};
			};
			buildConfigurationList = 641DD8B82B066BCA00A5166A /* Build configuration list for PBXProject "TheFinalWoodsStory" */;
			compatibilityVersion = "Xcode 14.0";
			developmentRegion = en;
			hasScannedForEncodings = 0;
			knownRegions = (
				en,
				Base,
			);
			mainGroup = 641DD8B42B066BCA00A5166A;
			productRefGroup = 641DD8BE2B066BCA00A5166A /* Products */;
			projectDirPath = "";
			projectRoot = "";
			targets = (
				641DD8BC2B066BCA00A5166A /* TheFinalWoodsStory */,
				641DD8CC2B066BCB00A5166A /* TheFinalWoodsStoryTests */,
				641DD8D62B066BCB00A5166A /* TheFinalWoodsStoryUITests */,
			);
		};
/* End PBXProject section */

/* Begin PBXResourcesBuildPhase section */
		641DD8BB2B066BCA00A5166A /* Resources */ = {
			isa = PBXResourcesBuildPhase;
			buildActionMask = 2147483647;
			files = (
				641DD8C82B066BCB00A5166A /* Preview Assets.xcassets in Resources */,
				641DD8C52B066BCB00A5166A /* Assets.xcassets in Resources */,
			);
			runOnlyForDeploymentPostprocessing = 0;
		};
		641DD8CB2B066BCB00A5166A /* Resources */ = {
			isa = PBXResourcesBuildPhase;
			buildActionMask = 2147483647;
			files = (
			);
			runOnlyForDeploymentPostprocessing = 0;
		};
		641DD8D52B066BCB00A5166A /* Resources */ = {
			isa = PBXResourcesBuildPhase;
			buildActionMask = 2147483647;
			files = (
			);
			runOnlyForDeploymentPostprocessing = 0;
		};
/* End PBXResourcesBuildPhase section */

/* Begin PBXSourcesBuildPhase section */
		641DD8B92B066BCA00A5166A /* Sources */ = {
			isa = PBXSourcesBuildPhase;
			buildActionMask = 2147483647;
			files = (
				641DD8FD2B066D8E00A5166A /* LongPathView.swift in Sources */,
				641DD90F2B066E9900A5166A /* Chapter4View.swift in Sources */,
				641DD90C2B066E5700A5166A /* Mystical.swift in Sources */,
				641DD9032B066DCF00A5166A /* Events&Char.swift in Sources */,
				641DD9012B066DB900A5166A /* SnugglyView.swift in Sources */,
				641DD8EE2B066C6700A5166A /* NavView.swift in Sources */,
				641DD8C32B066BCA00A5166A /* ContentView.swift in Sources */,
				641DD8EC2B066C5600A5166A /* Chapter1View.swift in Sources */,
				641DD8F02B066C8100A5166A /* Ch1Part1.swift in Sources */,
				641DD9112B0679FF00A5166A /* PersonStruct.swift in Sources */,
				641DD8C12B066BCA00A5166A /* TheFinalWoodsStoryApp.swift in Sources */,
				641DD90A2B066E4500A5166A /* Magical.swift in Sources */,
				641DD9082B066E2E00A5166A /* Random.swift in Sources */,
				641DD9132B067A5800A5166A /* CoverView.swift in Sources */,
				641DD8FF2B066DAC00A5166A /* ShortPathView.swift in Sources */,
				641DD9062B066E1400A5166A /* Chapter3View.swift in Sources */,
				641DD8FB2B066D7F00A5166A /* Chapter2View.swift in Sources */,
			);
			runOnlyForDeploymentPostprocessing = 0;
		};
		641DD8C92B066BCB00A5166A /* Sources */ = {
			isa = PBXSourcesBuildPhase;
			buildActionMask = 2147483647;
			files = (
				641DD8D22B066BCB00A5166A /* TheFinalWoodsStoryTests.swift in Sources */,
			);
			runOnlyForDeploymentPostprocessing = 0;
		};
		641DD8D32B066BCB00A5166A /* Sources */ = {
			isa = PBXSourcesBuildPhase;
			buildActionMask = 2147483647;
			files = (
				641DD8DE2B066BCB00A5166A /* TheFinalWoodsStoryUITestsLaunchTests.swift in Sources */,
				641DD8DC2B066BCB00A5166A /* TheFinalWoodsStoryUITests.swift in Sources */,
			);
			runOnlyForDeploymentPostprocessing = 0;
		};
/* End PBXSourcesBuildPhase section */

/* Begin PBXTargetDependency section */
		641DD8CF2B066BCB00A5166A /* PBXTargetDependency */ = {
			isa = PBXTargetDependency;
			target = 641DD8BC2B066BCA00A5166A /* TheFinalWoodsStory */;
			targetProxy = 641DD8CE2B066BCB00A5166A /* PBXContainerItemProxy */;
		};
		641DD8D92B066BCB00A5166A /* PBXTargetDependency */ = {
			isa = PBXTargetDependency;
			target = 641DD8BC2B066BCA00A5166A /* TheFinalWoodsStory */;
			targetProxy = 641DD8D82B066BCB00A5166A /* PBXContainerItemProxy */;
		};
/* End PBXTargetDependency section */

/* Begin XCBuildConfiguration section */
		641DD8DF2B066BCB00A5166A /* Debug */ = {
			isa = XCBuildConfiguration;
			buildSettings = {
				ALWAYS_SEARCH_USER_PATHS = NO;
				ASSETCATALOG_COMPILER_GENERATE_SWIFT_ASSET_SYMBOL_EXTENSIONS = YES;
				CLANG_ANALYZER_NONNULL = YES;
				CLANG_ANALYZER_NUMBER_OBJECT_CONVERSION = YES_AGGRESSIVE;
				CLANG_CXX_LANGUAGE_STANDARD = "gnu++20";
				CLANG_ENABLE_MODULES = YES;
				CLANG_ENABLE_OBJC_ARC = YES;
				CLANG_ENABLE_OBJC_WEAK = YES;
				CLANG_WARN_BLOCK_CAPTURE_AUTORELEASING = YES;
				CLANG_WARN_BOOL_CONVERSION = YES;
				CLANG_WARN_COMMA = YES;
				CLANG_WARN_CONSTANT_CONVERSION = YES;
				CLANG_WARN_DEPRECATED_OBJC_IMPLEMENTATIONS = YES;
				CLANG_WARN_DIRECT_OBJC_ISA_USAGE = YES_ERROR;
				CLANG_WARN_DOCUMENTATION_COMMENTS = YES;
				CLANG_WARN_EMPTY_BODY = YES;
				CLANG_WARN_ENUM_CONVERSION = YES;
				CLANG_WARN_INFINITE_RECURSION = YES;
				CLANG_WARN_INT_CONVERSION = YES;
				CLANG_WARN_NON_LITERAL_NULL_CONVERSION = YES;
				CLANG_WARN_OBJC_IMPLICIT_RETAIN_SELF = YES;
				CLANG_WARN_OBJC_LITERAL_CONVERSION = YES;
				CLANG_WARN_OBJC_ROOT_CLASS = YES_ERROR;
				CLANG_WARN_QUOTED_INCLUDE_IN_FRAMEWORK_HEADER = YES;
				CLANG_WARN_RANGE_LOOP_ANALYSIS = YES;
				CLANG_WARN_STRICT_PROTOTYPES = YES;
				CLANG_WARN_SUSPICIOUS_MOVE = YES;
				CLANG_WARN_UNGUARDED_AVAILABILITY = YES_AGGRESSIVE;
				CLANG_WARN_UNREACHABLE_CODE = YES;
				CLANG_WARN__DUPLICATE_METHOD_MATCH = YES;
				COPY_PHASE_STRIP = NO;
				DEBUG_INFORMATION_FORMAT = dwarf;
				ENABLE_STRICT_OBJC_MSGSEND = YES;
				ENABLE_TESTABILITY = YES;
				ENABLE_USER_SCRIPT_SANDBOXING = YES;
				GCC_C_LANGUAGE_STANDARD = gnu17;
				GCC_DYNAMIC_NO_PIC = NO;
				GCC_NO_COMMON_BLOCKS = YES;
				GCC_OPTIMIZATION_LEVEL = 0;
				GCC_PREPROCESSOR_DEFINITIONS = (
					"DEBUG=1",
					"$(inherited)",
				);
				GCC_WARN_64_TO_32_BIT_CONVERSION = YES;
				GCC_WARN_ABOUT_RETURN_TYPE = YES_ERROR;
				GCC_WARN_UNDECLARED_SELECTOR = YES;
				GCC_WARN_UNINITIALIZED_AUTOS = YES_AGGRESSIVE;
				GCC_WARN_UNUSED_FUNCTION = YES;
				GCC_WARN_UNUSED_VARIABLE = YES;
				IPHONEOS_DEPLOYMENT_TARGET = 17.0;
				LOCALIZATION_PREFERS_STRING_CATALOGS = YES;
				MTL_ENABLE_DEBUG_INFO = INCLUDE_SOURCE;
				MTL_FAST_MATH = YES;
				ONLY_ACTIVE_ARCH = YES;
				SDKROOT = iphoneos;
				SWIFT_ACTIVE_COMPILATION_CONDITIONS = "DEBUG $(inherited)";
				SWIFT_OPTIMIZATION_LEVEL = "-Onone";
			};
			name = Debug;
		};
		641DD8E02B066BCB00A5166A /* Release */ = {
			isa = XCBuildConfiguration;
			buildSettings = {
				ALWAYS_SEARCH_USER_PATHS = NO;
				ASSETCATALOG_COMPILER_GENERATE_SWIFT_ASSET_SYMBOL_EXTENSIONS = YES;
				CLANG_ANALYZER_NONNULL = YES;
				CLANG_ANALYZER_NUMBER_OBJECT_CONVERSION = YES_AGGRESSIVE;
				CLANG_CXX_LANGUAGE_STANDARD = "gnu++20";
				CLANG_ENABLE_MODULES = YES;
				CLANG_ENABLE_OBJC_ARC = YES;
				CLANG_ENABLE_OBJC_WEAK = YES;
				CLANG_WARN_BLOCK_CAPTURE_AUTORELEASING = YES;
				CLANG_WARN_BOOL_CONVERSION = YES;
				CLANG_WARN_COMMA = YES;
				CLANG_WARN_CONSTANT_CONVERSION = YES;
				CLANG_WARN_DEPRECATED_OBJC_IMPLEMENTATIONS = YES;
				CLANG_WARN_DIRECT_OBJC_ISA_USAGE = YES_ERROR;
				CLANG_WARN_DOCUMENTATION_COMMENTS = YES;
				CLANG_WARN_EMPTY_BODY = YES;
				CLANG_WARN_ENUM_CONVERSION = YES;
				CLANG_WARN_INFINITE_RECURSION = YES;
				CLANG_WARN_INT_CONVERSION = YES;
				CLANG_WARN_NON_LITERAL_NULL_CONVERSION = YES;
				CLANG_WARN_OBJC_IMPLICIT_RETAIN_SELF = YES;
				CLANG_WARN_OBJC_LITERAL_CONVERSION = YES;
				CLANG_WARN_OBJC_ROOT_CLASS = YES_ERROR;
				CLANG_WARN_QUOTED_INCLUDE_IN_FRAMEWORK_HEADER = YES;
				CLANG_WARN_RANGE_LOOP_ANALYSIS = YES;
				CLANG_WARN_STRICT_PROTOTYPES = YES;
				CLANG_WARN_SUSPICIOUS_MOVE = YES;
				CLANG_WARN_UNGUARDED_AVAILABILITY = YES_AGGRESSIVE;
				CLANG_WARN_UNREACHABLE_CODE = YES;
				CLANG_WARN__DUPLICATE_METHOD_MATCH = YES;
				COPY_PHASE_STRIP = NO;
				DEBUG_INFORMATION_FORMAT = "dwarf-with-dsym";
				ENABLE_NS_ASSERTIONS = NO;
				ENABLE_STRICT_OBJC_MSGSEND = YES;
				ENABLE_USER_SCRIPT_SANDBOXING = YES;
				GCC_C_LANGUAGE_STANDARD = gnu17;
				GCC_NO_COMMON_BLOCKS = YES;
				GCC_WARN_64_TO_32_BIT_CONVERSION = YES;
				GCC_WARN_ABOUT_RETURN_TYPE = YES_ERROR;
				GCC_WARN_UNDECLARED_SELECTOR = YES;
				GCC_WARN_UNINITIALIZED_AUTOS = YES_AGGRESSIVE;
				GCC_WARN_UNUSED_FUNCTION = YES;
				GCC_WARN_UNUSED_VARIABLE = YES;
				IPHONEOS_DEPLOYMENT_TARGET = 17.0;
				LOCALIZATION_PREFERS_STRING_CATALOGS = YES;
				MTL_ENABLE_DEBUG_INFO = NO;
				MTL_FAST_MATH = YES;
				SDKROOT = iphoneos;
				SWIFT_COMPILATION_MODE = wholemodule;
				VALIDATE_PRODUCT = YES;
			};
			name = Release;
		};
		641DD8E22B066BCB00A5166A /* Debug */ = {
			isa = XCBuildConfiguration;
			buildSettings = {
				ASSETCATALOG_COMPILER_APPICON_NAME = AppIcon;
				ASSETCATALOG_COMPILER_GLOBAL_ACCENT_COLOR_NAME = AccentColor;
				CODE_SIGN_STYLE = Automatic;
				CURRENT_PROJECT_VERSION = 1;
				DEVELOPMENT_ASSET_PATHS = "\"TheFinalWoodsStory/Preview Content\"";
				ENABLE_PREVIEWS = YES;
				GENERATE_INFOPLIST_FILE = YES;
				INFOPLIST_KEY_UIApplicationSceneManifest_Generation = YES;
				INFOPLIST_KEY_UIApplicationSupportsIndirectInputEvents = YES;
				INFOPLIST_KEY_UILaunchScreen_Generation = YES;
				INFOPLIST_KEY_UISupportedInterfaceOrientations_iPad = "UIInterfaceOrientationPortrait UIInterfaceOrientationPortraitUpsideDown UIInterfaceOrientationLandscapeLeft UIInterfaceOrientationLandscapeRight";
				INFOPLIST_KEY_UISupportedInterfaceOrientations_iPhone = "UIInterfaceOrientationPortrait UIInterfaceOrientationLandscapeLeft UIInterfaceOrientationLandscapeRight";
				LD_RUNPATH_SEARCH_PATHS = (
					"$(inherited)",
					"@executable_path/Frameworks",
				);
				MARKETING_VERSION = 1.0;
				PRODUCT_BUNDLE_IDENTIFIER = academy.TheFinalWoodsStory;
				PRODUCT_NAME = "$(TARGET_NAME)";
				SWIFT_EMIT_LOC_STRINGS = YES;
				SWIFT_VERSION = 5.0;
				TARGETED_DEVICE_FAMILY = "1,2";
			};
			name = Debug;
		};
		641DD8E32B066BCB00A5166A /* Release */ = {
			isa = XCBuildConfiguration;
			buildSettings = {
				ASSETCATALOG_COMPILER_APPICON_NAME = AppIcon;
				ASSETCATALOG_COMPILER_GLOBAL_ACCENT_COLOR_NAME = AccentColor;
				CODE_SIGN_STYLE = Automatic;
				CURRENT_PROJECT_VERSION = 1;
				DEVELOPMENT_ASSET_PATHS = "\"TheFinalWoodsStory/Preview Content\"";
				ENABLE_PREVIEWS = YES;
				GENERATE_INFOPLIST_FILE = YES;
				INFOPLIST_KEY_UIApplicationSceneManifest_Generation = YES;
				INFOPLIST_KEY_UIApplicationSupportsIndirectInputEvents = YES;
				INFOPLIST_KEY_UILaunchScreen_Generation = YES;
				INFOPLIST_KEY_UISupportedInterfaceOrientations_iPad = "UIInterfaceOrientationPortrait UIInterfaceOrientationPortraitUpsideDown UIInterfaceOrientationLandscapeLeft UIInterfaceOrientationLandscapeRight";
				INFOPLIST_KEY_UISupportedInterfaceOrientations_iPhone = "UIInterfaceOrientationPortrait UIInterfaceOrientationLandscapeLeft UIInterfaceOrientationLandscapeRight";
				LD_RUNPATH_SEARCH_PATHS = (
					"$(inherited)",
					"@executable_path/Frameworks",
				);
				MARKETING_VERSION = 1.0;
				PRODUCT_BUNDLE_IDENTIFIER = academy.TheFinalWoodsStory;
				PRODUCT_NAME = "$(TARGET_NAME)";
				SWIFT_EMIT_LOC_STRINGS = YES;
				SWIFT_VERSION = 5.0;
				TARGETED_DEVICE_FAMILY = "1,2";
			};
			name = Release;
		};
		641DD8E52B066BCB00A5166A /* Debug */ = {
			isa = XCBuildConfiguration;
			buildSettings = {
				ALWAYS_EMBED_SWIFT_STANDARD_LIBRARIES = YES;
				BUNDLE_LOADER = "$(TEST_HOST)";
				CODE_SIGN_STYLE = Automatic;
				CURRENT_PROJECT_VERSION = 1;
				GENERATE_INFOPLIST_FILE = YES;
				IPHONEOS_DEPLOYMENT_TARGET = 17.0;
				MARKETING_VERSION = 1.0;
				PRODUCT_BUNDLE_IDENTIFIER = academy.TheFinalWoodsStoryTests;
				PRODUCT_NAME = "$(TARGET_NAME)";
				SWIFT_EMIT_LOC_STRINGS = NO;
				SWIFT_VERSION = 5.0;
				TARGETED_DEVICE_FAMILY = "1,2";
				TEST_HOST = "$(BUILT_PRODUCTS_DIR)/TheFinalWoodsStory.app/$(BUNDLE_EXECUTABLE_FOLDER_PATH)/TheFinalWoodsStory";
			};
			name = Debug;
		};
		641DD8E62B066BCB00A5166A /* Release */ = {
			isa = XCBuildConfiguration;
			buildSettings = {
				ALWAYS_EMBED_SWIFT_STANDARD_LIBRARIES = YES;
				BUNDLE_LOADER = "$(TEST_HOST)";
				CODE_SIGN_STYLE = Automatic;
				CURRENT_PROJECT_VERSION = 1;
				GENERATE_INFOPLIST_FILE = YES;
				IPHONEOS_DEPLOYMENT_TARGET = 17.0;
				MARKETING_VERSION = 1.0;
				PRODUCT_BUNDLE_IDENTIFIER = academy.TheFinalWoodsStoryTests;
				PRODUCT_NAME = "$(TARGET_NAME)";
				SWIFT_EMIT_LOC_STRINGS = NO;
				SWIFT_VERSION = 5.0;
				TARGETED_DEVICE_FAMILY = "1,2";
				TEST_HOST = "$(BUILT_PRODUCTS_DIR)/TheFinalWoodsStory.app/$(BUNDLE_EXECUTABLE_FOLDER_PATH)/TheFinalWoodsStory";
			};
			name = Release;
		};
		641DD8E82B066BCB00A5166A /* Debug */ = {
			isa = XCBuildConfiguration;
			buildSettings = {
				ALWAYS_EMBED_SWIFT_STANDARD_LIBRARIES = YES;
				CODE_SIGN_STYLE = Automatic;
				CURRENT_PROJECT_VERSION = 1;
				GENERATE_INFOPLIST_FILE = YES;
				MARKETING_VERSION = 1.0;
				PRODUCT_BUNDLE_IDENTIFIER = academy.TheFinalWoodsStoryUITests;
				PRODUCT_NAME = "$(TARGET_NAME)";
				SWIFT_EMIT_LOC_STRINGS = NO;
				SWIFT_VERSION = 5.0;
				TARGETED_DEVICE_FAMILY = "1,2";
				TEST_TARGET_NAME = TheFinalWoodsStory;
			};
			name = Debug;
		};
		641DD8E92B066BCB00A5166A /* Release */ = {
			isa = XCBuildConfiguration;
			buildSettings = {
				ALWAYS_EMBED_SWIFT_STANDARD_LIBRARIES = YES;
				CODE_SIGN_STYLE = Automatic;
				CURRENT_PROJECT_VERSION = 1;
				GENERATE_INFOPLIST_FILE = YES;
				MARKETING_VERSION = 1.0;
				PRODUCT_BUNDLE_IDENTIFIER = academy.TheFinalWoodsStoryUITests;
				PRODUCT_NAME = "$(TARGET_NAME)";
				SWIFT_EMIT_LOC_STRINGS = NO;
				SWIFT_VERSION = 5.0;
				TARGETED_DEVICE_FAMILY = "1,2";
				TEST_TARGET_NAME = TheFinalWoodsStory;
			};
			name = Release;
		};
/* End XCBuildConfiguration section */

/* Begin XCConfigurationList section */
		641DD8B82B066BCA00A5166A /* Build configuration list for PBXProject "TheFinalWoodsStory" */ = {
			isa = XCConfigurationList;
			buildConfigurations = (
				641DD8DF2B066BCB00A5166A /* Debug */,
				641DD8E02B066BCB00A5166A /* Release */,
			);
			defaultConfigurationIsVisible = 0;
			defaultConfigurationName = Release;
		};
		641DD8E12B066BCB00A5166A /* Build configuration list for PBXNativeTarget "TheFinalWoodsStory" */ = {
			isa = XCConfigurationList;
			buildConfigurations = (
				641DD8E22B066BCB00A5166A /* Debug */,
				641DD8E32B066BCB00A5166A /* Release */,
			);
			defaultConfigurationIsVisible = 0;
			defaultConfigurationName = Release;
		};
		641DD8E42B066BCB00A5166A /* Build configuration list for PBXNativeTarget "TheFinalWoodsStoryTests" */ = {
			isa = XCConfigurationList;
			buildConfigurations = (
				641DD8E52B066BCB00A5166A /* Debug */,
				641DD8E62B066BCB00A5166A /* Release */,
			);
			defaultConfigurationIsVisible = 0;
			defaultConfigurationName = Release;
		};
		641DD8E72B066BCB00A5166A /* Build configuration list for PBXNativeTarget "TheFinalWoodsStoryUITests" */ = {
			isa = XCConfigurationList;
			buildConfigurations = (
				641DD8E82B066BCB00A5166A /* Debug */,
				641DD8E92B066BCB00A5166A /* Release */,
			);
			defaultConfigurationIsVisible = 0;
			defaultConfigurationName = Release;
		};
/* End XCConfigurationList section */
	};
	rootObject = 641DD8B52B066BCA00A5166A /* Project object */;
}
